// !$*UTF8*$!
{
	archiveVersion = 1;
	classes = {
	};
	objectVersion = 77;
	objects = {

/* Begin PBXContainerItemProxy section */
		8FDBA7322E7E43AE001E6B51 /* PBXContainerItemProxy */ = {
			isa = PBXContainerItemProxy;
			containerPortal = 8FDBA71C2E7E43AC001E6B51 /* Project object */;
			proxyType = 1;
			remoteGlobalIDString = 8FDBA7232E7E43AC001E6B51;
			remoteInfo = lolupReactionTestApp;
		};
		8FDBA73C2E7E43AE001E6B51 /* PBXContainerItemProxy */ = {
			isa = PBXContainerItemProxy;
			containerPortal = 8FDBA71C2E7E43AC001E6B51 /* Project object */;
			proxyType = 1;
			remoteGlobalIDString = 8FDBA7232E7E43AC001E6B51;
			remoteInfo = lolupReactionTestApp;
		};
/* End PBXContainerItemProxy section */

/* Begin PBXFileReference section */
		8FDBA7242E7E43AC001E6B51 /* lolupReactionTestApp.app */ = {isa = PBXFileReference; explicitFileType = wrapper.application; includeInIndex = 0; path = lolupReactionTestApp.app; sourceTree = BUILT_PRODUCTS_DIR; };
		8FDBA7312E7E43AE001E6B51 /* lolupReactionTestAppTests.xctest */ = {isa = PBXFileReference; explicitFileType = wrapper.cfbundle; includeInIndex = 0; path = lolupReactionTestAppTests.xctest; sourceTree = BUILT_PRODUCTS_DIR; };
		8FDBA73B2E7E43AE001E6B51 /* lolupReactionTestAppUITests.xctest */ = {isa = PBXFileReference; explicitFileType = wrapper.cfbundle; includeInIndex = 0; path = lolupReactionTestAppUITests.xctest; sourceTree = BUILT_PRODUCTS_DIR; };
/* End PBXFileReference section */

/* Begin PBXFileSystemSynchronizedRootGroup section */
		8FDBA7262E7E43AC001E6B51 /* lolupReactionTestApp */ = {
			isa = PBXFileSystemSynchronizedRootGroup;
			path = lolupReactionTestApp;
			sourceTree = "<group>";
		};
		8FDBA7342E7E43AE001E6B51 /* lolupReactionTestAppTests */ = {
			isa = PBXFileSystemSynchronizedRootGroup;
			path = lolupReactionTestAppTests;
			sourceTree = "<group>";
		};
		8FDBA73E2E7E43AE001E6B51 /* lolupReactionTestAppUITests */ = {
			isa = PBXFileSystemSynchronizedRootGroup;
			path = lolupReactionTestAppUITests;
			sourceTree = "<group>";
		};
/* End PBXFileSystemSynchronizedRootGroup section */

/* Begin PBXFrameworksBuildPhase section */
		8FDBA7212E7E43AC001E6B51 /* Frameworks */ = {
			isa = PBXFrameworksBuildPhase;
			buildActionMask = 2147483647;
			files = (
			);
			runOnlyForDeploymentPostprocessing = 0;
		};
		8FDBA72E2E7E43AE001E6B51 /* Frameworks */ = {
			isa = PBXFrameworksBuildPhase;
			buildActionMask = 2147483647;
			files = (
			);
			runOnlyForDeploymentPostprocessing = 0;
		};
		8FDBA7382E7E43AE001E6B51 /* Frameworks */ = {
			isa = PBXFrameworksBuildPhase;
			buildActionMask = 2147483647;
			files = (
			);
			runOnlyForDeploymentPostprocessing = 0;
		};
/* End PBXFrameworksBuildPhase section */

/* Begin PBXGroup section */
		8FDBA71B2E7E43AC001E6B51 = {
			isa = PBXGroup;
			children = (
				8FDBA7262E7E43AC001E6B51 /* lolupReactionTestApp */,
				8FDBA7342E7E43AE001E6B51 /* lolupReactionTestAppTests */,
				8FDBA73E2E7E43AE001E6B51 /* lolupReactionTestAppUITests */,
				8FDBA7252E7E43AC001E6B51 /* Products */,
			);
			sourceTree = "<group>";
		};
		8FDBA7252E7E43AC001E6B51 /* Products */ = {
			isa = PBXGroup;
			children = (
				8FDBA7242E7E43AC001E6B51 /* lolupReactionTestApp.app */,
				8FDBA7312E7E43AE001E6B51 /* lolupReactionTestAppTests.xctest */,
				8FDBA73B2E7E43AE001E6B51 /* lolupReactionTestAppUITests.xctest */,
			);
			name = Products;
			sourceTree = "<group>";
		};
/* End PBXGroup section */

/* Begin PBXNativeTarget section */
		8FDBA7232E7E43AC001E6B51 /* lolupReactionTestApp */ = {
			isa = PBXNativeTarget;
			buildConfigurationList = 8FDBA7452E7E43AE001E6B51 /* Build configuration list for PBXNativeTarget "lolupReactionTestApp" */;
			buildPhases = (
				8FDBA7202E7E43AC001E6B51 /* Sources */,
				8FDBA7212E7E43AC001E6B51 /* Frameworks */,
				8FDBA7222E7E43AC001E6B51 /* Resources */,
			);
			buildRules = (
			);
			dependencies = (
			);
			fileSystemSynchronizedGroups = (
				8FDBA7262E7E43AC001E6B51 /* lolupReactionTestApp */,
			);
			name = lolupReactionTestApp;
			packageProductDependencies = (
			);
			productName = lolupReactionTestApp;
			productReference = 8FDBA7242E7E43AC001E6B51 /* lolupReactionTestApp.app */;
			productType = "com.apple.product-type.application";
		};
		8FDBA7302E7E43AE001E6B51 /* lolupReactionTestAppTests */ = {
			isa = PBXNativeTarget;
			buildConfigurationList = 8FDBA7482E7E43AE001E6B51 /* Build configuration list for PBXNativeTarget "lolupReactionTestAppTests" */;
			buildPhases = (
				8FDBA72D2E7E43AE001E6B51 /* Sources */,
				8FDBA72E2E7E43AE001E6B51 /* Frameworks */,
				8FDBA72F2E7E43AE001E6B51 /* Resources */,
			);
			buildRules = (
			);
			dependencies = (
				8FDBA7332E7E43AE001E6B51 /* PBXTargetDependency */,
			);
			fileSystemSynchronizedGroups = (
				8FDBA7342E7E43AE001E6B51 /* lolupReactionTestAppTests */,
			);
			name = lolupReactionTestAppTests;
			packageProductDependencies = (
			);
			productName = lolupReactionTestAppTests;
			productReference = 8FDBA7312E7E43AE001E6B51 /* lolupReactionTestAppTests.xctest */;
			productType = "com.apple.product-type.bundle.unit-test";
		};
		8FDBA73A2E7E43AE001E6B51 /* lolupReactionTestAppUITests */ = {
			isa = PBXNativeTarget;
			buildConfigurationList = 8FDBA74B2E7E43AE001E6B51 /* Build configuration list for PBXNativeTarget "lolupReactionTestAppUITests" */;
			buildPhases = (
				8FDBA7372E7E43AE001E6B51 /* Sources */,
				8FDBA7382E7E43AE001E6B51 /* Frameworks */,
				8FDBA7392E7E43AE001E6B51 /* Resources */,
			);
			buildRules = (
			);
			dependencies = (
				8FDBA73D2E7E43AE001E6B51 /* PBXTargetDependency */,
			);
			fileSystemSynchronizedGroups = (
				8FDBA73E2E7E43AE001E6B51 /* lolupReactionTestAppUITests */,
			);
			name = lolupReactionTestAppUITests;
			packageProductDependencies = (
			);
			productName = lolupReactionTestAppUITests;
			productReference = 8FDBA73B2E7E43AE001E6B51 /* lolupReactionTestAppUITests.xctest */;
			productType = "com.apple.product-type.bundle.ui-testing";
		};
/* End PBXNativeTarget section */

/* Begin PBXProject section */
		8FDBA71C2E7E43AC001E6B51 /* Project object */ = {
			isa = PBXProject;
			attributes = {
				BuildIndependentTargetsInParallel = 1;
				LastSwiftUpdateCheck = 2600;
				LastUpgradeCheck = 2600;
				TargetAttributes = {
					8FDBA7232E7E43AC001E6B51 = {
						CreatedOnToolsVersion = 26.0;
					};
					8FDBA7302E7E43AE001E6B51 = {
						CreatedOnToolsVersion = 26.0;
						TestTargetID = 8FDBA7232E7E43AC001E6B51;
					};
					8FDBA73A2E7E43AE001E6B51 = {
						CreatedOnToolsVersion = 26.0;
						TestTargetID = 8FDBA7232E7E43AC001E6B51;
					};
				};
			};
			buildConfigurationList = 8FDBA71F2E7E43AC001E6B51 /* Build configuration list for PBXProject "lolupReactionTestApp" */;
			developmentRegion = en;
			hasScannedForEncodings = 0;
			knownRegions = (
				en,
				Base,
			);
			mainGroup = 8FDBA71B2E7E43AC001E6B51;
			minimizedProjectReferenceProxies = 1;
			preferredProjectObjectVersion = 77;
			productRefGroup = 8FDBA7252E7E43AC001E6B51 /* Products */;
			projectDirPath = "";
			projectRoot = "";
			targets = (
				8FDBA7232E7E43AC001E6B51 /* lolupReactionTestApp */,
				8FDBA7302E7E43AE001E6B51 /* lolupReactionTestAppTests */,
				8FDBA73A2E7E43AE001E6B51 /* lolupReactionTestAppUITests */,
			);
		};
/* End PBXProject section */

/* Begin PBXResourcesBuildPhase section */
		8FDBA7222E7E43AC001E6B51 /* Resources */ = {
			isa = PBXResourcesBuildPhase;
			buildActionMask = 2147483647;
			files = (
			);
			runOnlyForDeploymentPostprocessing = 0;
		};
		8FDBA72F2E7E43AE001E6B51 /* Resources */ = {
			isa = PBXResourcesBuildPhase;
			buildActionMask = 2147483647;
			files = (
			);
			runOnlyForDeploymentPostprocessing = 0;
		};
		8FDBA7392E7E43AE001E6B51 /* Resources */ = {
			isa = PBXResourcesBuildPhase;
			buildActionMask = 2147483647;
			files = (
			);
			runOnlyForDeploymentPostprocessing = 0;
		};
/* End PBXResourcesBuildPhase section */

/* Begin PBXSourcesBuildPhase section */
		8FDBA7202E7E43AC001E6B51 /* Sources */ = {
			isa = PBXSourcesBuildPhase;
			buildActionMask = 2147483647;
			files = (
			);
			runOnlyForDeploymentPostprocessing = 0;
		};
		8FDBA72D2E7E43AE001E6B51 /* Sources */ = {
			isa = PBXSourcesBuildPhase;
			buildActionMask = 2147483647;
			files = (
			);
			runOnlyForDeploymentPostprocessing = 0;
		};
		8FDBA7372E7E43AE001E6B51 /* Sources */ = {
			isa = PBXSourcesBuildPhase;
			buildActionMask = 2147483647;
			files = (
			);
			runOnlyForDeploymentPostprocessing = 0;
		};
/* End PBXSourcesBuildPhase section */

/* Begin PBXTargetDependency section */
		8FDBA7332E7E43AE001E6B51 /* PBXTargetDependency */ = {
			isa = PBXTargetDependency;
			target = 8FDBA7232E7E43AC001E6B51 /* lolupReactionTestApp */;
			targetProxy = 8FDBA7322E7E43AE001E6B51 /* PBXContainerItemProxy */;
		};
		8FDBA73D2E7E43AE001E6B51 /* PBXTargetDependency */ = {
			isa = PBXTargetDependency;
			target = 8FDBA7232E7E43AC001E6B51 /* lolupReactionTestApp */;
			targetProxy = 8FDBA73C2E7E43AE001E6B51 /* PBXContainerItemProxy */;
		};
/* End PBXTargetDependency section */

/* Begin XCBuildConfiguration section */
		8FDBA7432E7E43AE001E6B51 /* Debug */ = {
			isa = XCBuildConfiguration;
			buildSettings = {
				ALWAYS_SEARCH_USER_PATHS = NO;
				ASSETCATALOG_COMPILER_GENERATE_SWIFT_ASSET_SYMBOL_EXTENSIONS = YES;
				CLANG_ANALYZER_NONNULL = YES;
				CLANG_ANALYZER_NUMBER_OBJECT_CONVERSION = YES_AGGRESSIVE;
				CLANG_CXX_LANGUAGE_STANDARD = "gnu++20";
				CLANG_ENABLE_MODULES = YES;
				CLANG_ENABLE_OBJC_ARC = YES;
				CLANG_ENABLE_OBJC_WEAK = YES;
				CLANG_WARN_BLOCK_CAPTURE_AUTORELEASING = YES;
				CLANG_WARN_BOOL_CONVERSION = YES;
				CLANG_WARN_COMMA = YES;
				CLANG_WARN_CONSTANT_CONVERSION = YES;
				CLANG_WARN_DEPRECATED_OBJC_IMPLEMENTATIONS = YES;
				CLANG_WARN_DIRECT_OBJC_ISA_USAGE = YES_ERROR;
				CLANG_WARN_DOCUMENTATION_COMMENTS = YES;
				CLANG_WARN_EMPTY_BODY = YES;
				CLANG_WARN_ENUM_CONVERSION = YES;
				CLANG_WARN_INFINITE_RECURSION = YES;
				CLANG_WARN_INT_CONVERSION = YES;
				CLANG_WARN_NON_LITERAL_NULL_CONVERSION = YES;
				CLANG_WARN_OBJC_IMPLICIT_RETAIN_SELF = YES;
				CLANG_WARN_OBJC_LITERAL_CONVERSION = YES;
				CLANG_WARN_OBJC_ROOT_CLASS = YES_ERROR;
				CLANG_WARN_QUOTED_INCLUDE_IN_FRAMEWORK_HEADER = YES;
				CLANG_WARN_RANGE_LOOP_ANALYSIS = YES;
				CLANG_WARN_STRICT_PROTOTYPES = YES;
				CLANG_WARN_SUSPICIOUS_MOVE = YES;
				CLANG_WARN_UNGUARDED_AVAILABILITY = YES_AGGRESSIVE;
				CLANG_WARN_UNREACHABLE_CODE = YES;
				CLANG_WARN__DUPLICATE_METHOD_MATCH = YES;
				COPY_PHASE_STRIP = NO;
				DEBUG_INFORMATION_FORMAT = dwarf;
				DEVELOPMENT_TEAM = AQ6QJZ486K;
				ENABLE_STRICT_OBJC_MSGSEND = YES;
				ENABLE_TESTABILITY = YES;
				ENABLE_USER_SCRIPT_SANDBOXING = YES;
				GCC_C_LANGUAGE_STANDARD = gnu17;
				GCC_DYNAMIC_NO_PIC = NO;
				GCC_NO_COMMON_BLOCKS = YES;
				GCC_OPTIMIZATION_LEVEL = 0;
				GCC_PREPROCESSOR_DEFINITIONS = (
					"DEBUG=1",
					"$(inherited)",
				);
				GCC_WARN_64_TO_32_BIT_CONVERSION = YES;
				GCC_WARN_ABOUT_RETURN_TYPE = YES_ERROR;
				GCC_WARN_UNDECLARED_SELECTOR = YES;
				GCC_WARN_UNINITIALIZED_AUTOS = YES_AGGRESSIVE;
				GCC_WARN_UNUSED_FUNCTION = YES;
				GCC_WARN_UNUSED_VARIABLE = YES;
				IPHONEOS_DEPLOYMENT_TARGET = 26.0;
				LOCALIZATION_PREFERS_STRING_CATALOGS = YES;
				MTL_ENABLE_DEBUG_INFO = INCLUDE_SOURCE;
				MTL_FAST_MATH = YES;
				ONLY_ACTIVE_ARCH = YES;
				SDKROOT = iphoneos;
				SWIFT_ACTIVE_COMPILATION_CONDITIONS = "DEBUG $(inherited)";
				SWIFT_OPTIMIZATION_LEVEL = "-Onone";
			};
			name = Debug;
		};
		8FDBA7442E7E43AE001E6B51 /* Release */ = {
			isa = XCBuildConfiguration;
			buildSettings = {
				ALWAYS_SEARCH_USER_PATHS = NO;
				ASSETCATALOG_COMPILER_GENERATE_SWIFT_ASSET_SYMBOL_EXTENSIONS = YES;
				CLANG_ANALYZER_NONNULL = YES;
				CLANG_ANALYZER_NUMBER_OBJECT_CONVERSION = YES_AGGRESSIVE;
				CLANG_CXX_LANGUAGE_STANDARD = "gnu++20";
				CLANG_ENABLE_MODULES = YES;
				CLANG_ENABLE_OBJC_ARC = YES;
				CLANG_ENABLE_OBJC_WEAK = YES;
				CLANG_WARN_BLOCK_CAPTURE_AUTORELEASING = YES;
				CLANG_WARN_BOOL_CONVERSION = YES;
				CLANG_WARN_COMMA = YES;
				CLANG_WARN_CONSTANT_CONVERSION = YES;
				CLANG_WARN_DEPRECATED_OBJC_IMPLEMENTATIONS = YES;
				CLANG_WARN_DIRECT_OBJC_ISA_USAGE = YES_ERROR;
				CLANG_WARN_DOCUMENTATION_COMMENTS = YES;
				CLANG_WARN_EMPTY_BODY = YES;
				CLANG_WARN_ENUM_CONVERSION = YES;
				CLANG_WARN_INFINITE_RECURSION = YES;
				CLANG_WARN_INT_CONVERSION = YES;
				CLANG_WARN_NON_LITERAL_NULL_CONVERSION = YES;
				CLANG_WARN_OBJC_IMPLICIT_RETAIN_SELF = YES;
				CLANG_WARN_OBJC_LITERAL_CONVERSION = YES;
				CLANG_WARN_OBJC_ROOT_CLASS = YES_ERROR;
				CLANG_WARN_QUOTED_INCLUDE_IN_FRAMEWORK_HEADER = YES;
				CLANG_WARN_RANGE_LOOP_ANALYSIS = YES;
				CLANG_WARN_STRICT_PROTOTYPES = YES;
				CLANG_WARN_SUSPICIOUS_MOVE = YES;
				CLANG_WARN_UNGUARDED_AVAILABILITY = YES_AGGRESSIVE;
				CLANG_WARN_UNREACHABLE_CODE = YES;
				CLANG_WARN__DUPLICATE_METHOD_MATCH = YES;
				COPY_PHASE_STRIP = NO;
				DEBUG_INFORMATION_FORMAT = "dwarf-with-dsym";
				DEVELOPMENT_TEAM = AQ6QJZ486K;
				ENABLE_NS_ASSERTIONS = NO;
				ENABLE_STRICT_OBJC_MSGSEND = YES;
				ENABLE_USER_SCRIPT_SANDBOXING = YES;
				GCC_C_LANGUAGE_STANDARD = gnu17;
				GCC_NO_COMMON_BLOCKS = YES;
				GCC_WARN_64_TO_32_BIT_CONVERSION = YES;
				GCC_WARN_ABOUT_RETURN_TYPE = YES_ERROR;
				GCC_WARN_UNDECLARED_SELECTOR = YES;
				GCC_WARN_UNINITIALIZED_AUTOS = YES_AGGRESSIVE;
				GCC_WARN_UNUSED_FUNCTION = YES;
				GCC_WARN_UNUSED_VARIABLE = YES;
				IPHONEOS_DEPLOYMENT_TARGET = 26.0;
				LOCALIZATION_PREFERS_STRING_CATALOGS = YES;
				MTL_ENABLE_DEBUG_INFO = NO;
				MTL_FAST_MATH = YES;
				SDKROOT = iphoneos;
				SWIFT_COMPILATION_MODE = wholemodule;
				VALIDATE_PRODUCT = YES;
			};
			name = Release;
		};
		8FDBA7462E7E43AE001E6B51 /* Debug */ = {
			isa = XCBuildConfiguration;
			buildSettings = {
				ASSETCATALOG_COMPILER_APPICON_NAME = AppIcon;
				ASSETCATALOG_COMPILER_GLOBAL_ACCENT_COLOR_NAME = AccentColor;
				CODE_SIGN_STYLE = Automatic;
				CURRENT_PROJECT_VERSION = 1;
				DEVELOPMENT_TEAM = AQ6QJZ486K;
				ENABLE_PREVIEWS = YES;
				GENERATE_INFOPLIST_FILE = YES;
				INFOPLIST_KEY_UIApplicationSceneManifest_Generation = YES;
				INFOPLIST_KEY_UIApplicationSupportsIndirectInputEvents = YES;
				INFOPLIST_KEY_UILaunchScreen_Generation = YES;
				INFOPLIST_KEY_UISupportedInterfaceOrientations_iPad = "UIInterfaceOrientationPortrait UIInterfaceOrientationPortraitUpsideDown UIInterfaceOrientationLandscapeLeft UIInterfaceOrientationLandscapeRight";
				INFOPLIST_KEY_UISupportedInterfaceOrientations_iPhone = "UIInterfaceOrientationPortrait UIInterfaceOrientationLandscapeLeft UIInterfaceOrientationLandscapeRight";
				LD_RUNPATH_SEARCH_PATHS = (
					"$(inherited)",
					"@executable_path/Frameworks",
				);
				MARKETING_VERSION = 1.0;
				PRODUCT_BUNDLE_IDENTIFIER = lollol.lolupReactionTestApp;
				PRODUCT_NAME = "$(TARGET_NAME)";
				STRING_CATALOG_GENERATE_SYMBOLS = YES;
				SWIFT_APPROACHABLE_CONCURRENCY = YES;
				SWIFT_DEFAULT_ACTOR_ISOLATION = MainActor;
				SWIFT_EMIT_LOC_STRINGS = YES;
				SWIFT_UPCOMING_FEATURE_MEMBER_IMPORT_VISIBILITY = YES;
				SWIFT_VERSION = 5.0;
				TARGETED_DEVICE_FAMILY = "1,2";
			};
			name = Debug;
		};
		8FDBA7472E7E43AE001E6B51 /* Release */ = {
			isa = XCBuildConfiguration;
			buildSettings = {
				ASSETCATALOG_COMPILER_APPICON_NAME = AppIcon;
				ASSETCATALOG_COMPILER_GLOBAL_ACCENT_COLOR_NAME = AccentColor;
				CODE_SIGN_STYLE = Automatic;
				CURRENT_PROJECT_VERSION = 1;
				DEVELOPMENT_TEAM = AQ6QJZ486K;
				ENABLE_PREVIEWS = YES;
				GENERATE_INFOPLIST_FILE = YES;
				INFOPLIST_KEY_UIApplicationSceneManifest_Generation = YES;
				INFOPLIST_KEY_UIApplicationSupportsIndirectInputEvents = YES;
				INFOPLIST_KEY_UILaunchScreen_Generation = YES;
				INFOPLIST_KEY_UISupportedInterfaceOrientations_iPad = "UIInterfaceOrientationPortrait UIInterfaceOrientationPortraitUpsideDown UIInterfaceOrientationLandscapeLeft UIInterfaceOrientationLandscapeRight";
				INFOPLIST_KEY_UISupportedInterfaceOrientations_iPhone = "UIInterfaceOrientationPortrait UIInterfaceOrientationLandscapeLeft UIInterfaceOrientationLandscapeRight";
				LD_RUNPATH_SEARCH_PATHS = (
					"$(inherited)",
					"@executable_path/Frameworks",
				);
				MARKETING_VERSION = 1.0;
				PRODUCT_BUNDLE_IDENTIFIER = lollol.lolupReactionTestApp;
				PRODUCT_NAME = "$(TARGET_NAME)";
				STRING_CATALOG_GENERATE_SYMBOLS = YES;
				SWIFT_APPROACHABLE_CONCURRENCY = YES;
				SWIFT_DEFAULT_ACTOR_ISOLATION = MainActor;
				SWIFT_EMIT_LOC_STRINGS = YES;
				SWIFT_UPCOMING_FEATURE_MEMBER_IMPORT_VISIBILITY = YES;
				SWIFT_VERSION = 5.0;
				TARGETED_DEVICE_FAMILY = "1,2";
			};
			name = Release;
		};
		8FDBA7492E7E43AE001E6B51 /* Debug */ = {
			isa = XCBuildConfiguration;
			buildSettings = {
				BUNDLE_LOADER = "$(TEST_HOST)";
				CODE_SIGN_STYLE = Automatic;
				CURRENT_PROJECT_VERSION = 1;
				DEVELOPMENT_TEAM = AQ6QJZ486K;
				GENERATE_INFOPLIST_FILE = YES;
				IPHONEOS_DEPLOYMENT_TARGET = 26.0;
				MARKETING_VERSION = 1.0;
				PRODUCT_BUNDLE_IDENTIFIER = lollol.lolupReactionTestAppTests;
				PRODUCT_NAME = "$(TARGET_NAME)";
				STRING_CATALOG_GENERATE_SYMBOLS = NO;
				SWIFT_APPROACHABLE_CONCURRENCY = YES;
				SWIFT_EMIT_LOC_STRINGS = NO;
				SWIFT_UPCOMING_FEATURE_MEMBER_IMPORT_VISIBILITY = YES;
				SWIFT_VERSION = 5.0;
				TARGETED_DEVICE_FAMILY = "1,2";
				TEST_HOST = "$(BUILT_PRODUCTS_DIR)/lolupReactionTestApp.app/$(BUNDLE_EXECUTABLE_FOLDER_PATH)/lolupReactionTestApp";
			};
			name = Debug;
		};
		8FDBA74A2E7E43AE001E6B51 /* Release */ = {
			isa = XCBuildConfiguration;
			buildSettings = {
				BUNDLE_LOADER = "$(TEST_HOST)";
				CODE_SIGN_STYLE = Automatic;
				CURRENT_PROJECT_VERSION = 1;
				DEVELOPMENT_TEAM = AQ6QJZ486K;
				GENERATE_INFOPLIST_FILE = YES;
				IPHONEOS_DEPLOYMENT_TARGET = 26.0;
				MARKETING_VERSION = 1.0;
				PRODUCT_BUNDLE_IDENTIFIER = lollol.lolupReactionTestAppTests;
				PRODUCT_NAME = "$(TARGET_NAME)";
				STRING_CATALOG_GENERATE_SYMBOLS = NO;
				SWIFT_APPROACHABLE_CONCURRENCY = YES;
				SWIFT_EMIT_LOC_STRINGS = NO;
				SWIFT_UPCOMING_FEATURE_MEMBER_IMPORT_VISIBILITY = YES;
				SWIFT_VERSION = 5.0;
				TARGETED_DEVICE_FAMILY = "1,2";
				TEST_HOST = "$(BUILT_PRODUCTS_DIR)/lolupReactionTestApp.app/$(BUNDLE_EXECUTABLE_FOLDER_PATH)/lolupReactionTestApp";
			};
			name = Release;
		};
		8FDBA74C2E7E43AE001E6B51 /* Debug */ = {
			isa = XCBuildConfiguration;
			buildSettings = {
				CODE_SIGN_STYLE = Automatic;
				CURRENT_PROJECT_VERSION = 1;
				DEVELOPMENT_TEAM = AQ6QJZ486K;
				GENERATE_INFOPLIST_FILE = YES;
				MARKETING_VERSION = 1.0;
				PRODUCT_BUNDLE_IDENTIFIER = lollol.lolupReactionTestAppUITests;
				PRODUCT_NAME = "$(TARGET_NAME)";
				STRING_CATALOG_GENERATE_SYMBOLS = NO;
				SWIFT_APPROACHABLE_CONCURRENCY = YES;
				SWIFT_EMIT_LOC_STRINGS = NO;
				SWIFT_UPCOMING_FEATURE_MEMBER_IMPORT_VISIBILITY = YES;
				SWIFT_VERSION = 5.0;
				TARGETED_DEVICE_FAMILY = "1,2";
				TEST_TARGET_NAME = lolupReactionTestApp;
			};
			name = Debug;
		};
		8FDBA74D2E7E43AE001E6B51 /* Release */ = {
			isa = XCBuildConfiguration;
			buildSettings = {
				CODE_SIGN_STYLE = Automatic;
				CURRENT_PROJECT_VERSION = 1;
				DEVELOPMENT_TEAM = AQ6QJZ486K;
				GENERATE_INFOPLIST_FILE = YES;
				MARKETING_VERSION = 1.0;
				PRODUCT_BUNDLE_IDENTIFIER = lollol.lolupReactionTestAppUITests;
				PRODUCT_NAME = "$(TARGET_NAME)";
				STRING_CATALOG_GENERATE_SYMBOLS = NO;
				SWIFT_APPROACHABLE_CONCURRENCY = YES;
				SWIFT_EMIT_LOC_STRINGS = NO;
				SWIFT_UPCOMING_FEATURE_MEMBER_IMPORT_VISIBILITY = YES;
				SWIFT_VERSION = 5.0;
				TARGETED_DEVICE_FAMILY = "1,2";
				TEST_TARGET_NAME = lolupReactionTestApp;
			};
			name = Release;
		};
/* End XCBuildConfiguration section */

/* Begin XCConfigurationList section */
		8FDBA71F2E7E43AC001E6B51 /* Build configuration list for PBXProject "lolupReactionTestApp" */ = {
			isa = XCConfigurationList;
			buildConfigurations = (
				8FDBA7432E7E43AE001E6B51 /* Debug */,
				8FDBA7442E7E43AE001E6B51 /* Release */,
			);
			defaultConfigurationIsVisible = 0;
			defaultConfigurationName = Release;
		};
		8FDBA7452E7E43AE001E6B51 /* Build configuration list for PBXNativeTarget "lolupReactionTestApp" */ = {
			isa = XCConfigurationList;
			buildConfigurations = (
				8FDBA7462E7E43AE001E6B51 /* Debug */,
				8FDBA7472E7E43AE001E6B51 /* Release */,
			);
			defaultConfigurationIsVisible = 0;
			defaultConfigurationName = Release;
		};
		8FDBA7482E7E43AE001E6B51 /* Build configuration list for PBXNativeTarget "lolupReactionTestAppTests" */ = {
			isa = XCConfigurationList;
			buildConfigurations = (
				8FDBA7492E7E43AE001E6B51 /* Debug */,
				8FDBA74A2E7E43AE001E6B51 /* Release */,
			);
			defaultConfigurationIsVisible = 0;
			defaultConfigurationName = Release;
		};
		8FDBA74B2E7E43AE001E6B51 /* Build configuration list for PBXNativeTarget "lolupReactionTestAppUITests" */ = {
			isa = XCConfigurationList;
			buildConfigurations = (
				8FDBA74C2E7E43AE001E6B51 /* Debug */,
				8FDBA74D2E7E43AE001E6B51 /* Release */,
			);
			defaultConfigurationIsVisible = 0;
			defaultConfigurationName = Release;
		};
/* End XCConfigurationList section */
	};
	rootObject = 8FDBA71C2E7E43AC001E6B51 /* Project object */;
}
